{
  "requires": true,
  "lockfileVersion": 1,
  "dependencies": {
    "primevue": {
      "version": "3.44.0",
      "resolved": "https://registry.npmjs.org/primevue/-/primevue-3.44.0.tgz",
      "integrity": "sha512-BqSg6rKP0vq7WRHhLlVt4BD4rQZbVVXjgSfOAcebv3mO4wJZcJbgC04mxAI9fl26PhmPy1jLOuCtNOBWo7IekA=="
    }
  }
}
